
Microsoft Visual Studio Solution File, Format Version 12.00
# Visual Studio Version 17
VisualStudioVersion = 17.1.32210.238
MinimumVisualStudioVersion = 10.0.40219.1
Project("{FAE04EC0-301F-11D3-BF4B-00C04F79EFBC}") = "Harmonics", "Harmonics\Harmonics.csproj", "{E2AE6535-73E2-4BA1-9AE7-50B431BD4C53}"
EndProject
Global
	GlobalSection(SolutionConfigurationPlatforms) = preSolution
		Debug|Any CPU = Debug|Any CPU
		Release|Any CPU = Release|Any CPU
	EndGlobalSection
	GlobalSection(ProjectConfigurationPlatforms) = postSolution
		{E2AE6535-73E2-4BA1-9AE7-50B431BD4C53}.Debug|Any CPU.ActiveCfg = Debug|Any CPU
		{E2AE6535-73E2-4BA1-9AE7-50B431BD4C53}.Debug|Any CPU.Build.0 = Debug|Any CPU
		{E2AE6535-73E2-4BA1-9AE7-50B431BD4C53}.Release|Any CPU.ActiveCfg = Release|Any CPU
		{E2AE6535-73E2-4BA1-9AE7-50B431BD4C53}.Release|Any CPU.Build.0 = Release|Any CPU
	EndGlobalSection
	GlobalSection(SolutionProperties) = preSolution
		HideSolutionNode = FALSE
	EndGlobalSection
	GlobalSection(ExtensibilityGlobals) = postSolution
		SolutionGuid = {141458E1-D37C-4448-ABF9-C3791D5ED74F}
	EndGlobalSection
EndGlobal
